
Microsoft Visual Studio Solution File, Format Version 12.00
# Visual Studio Version 16
VisualStudioVersion = 16.0.30804.86
MinimumVisualStudioVersion = 10.0.40219.1
Project("{FAE04EC0-301F-11D3-BF4B-00C04F79EFBC}") = "FidelizarMais.Migracao", "FidelizarMais.Migracao\FidelizarMais.Migracao.csproj", "{2BC6CF76-CF5D-4801-9EFD-77492EA38740}"
EndProject
Global
	GlobalSection(SolutionConfigurationPlatforms) = preSolution
		Debug|Any CPU = Debug|Any CPU
		Release|Any CPU = Release|Any CPU
	EndGlobalSection
	GlobalSection(ProjectConfigurationPlatforms) = postSolution
		{2BC6CF76-CF5D-4801-9EFD-77492EA38740}.Debug|Any CPU.ActiveCfg = Debug|Any CPU
		{2BC6CF76-CF5D-4801-9EFD-77492EA38740}.Debug|Any CPU.Build.0 = Debug|Any CPU
		{2BC6CF76-CF5D-4801-9EFD-77492EA38740}.Release|Any CPU.ActiveCfg = Release|Any CPU
		{2BC6CF76-CF5D-4801-9EFD-77492EA38740}.Release|Any CPU.Build.0 = Release|Any CPU
	EndGlobalSection
	GlobalSection(SolutionProperties) = preSolution
		HideSolutionNode = FALSE
	EndGlobalSection
	GlobalSection(ExtensibilityGlobals) = postSolution
		SolutionGuid = {6A006B79-31BD-4D93-AF4B-88F883600C2C}
	EndGlobalSection
EndGlobal
